// !$*UTF8*$!
{
	archiveVersion = 1;
	classes = {
	};
	objectVersion = 50;
	objects = {

/* Begin PBXBuildFile section */
		1604578D279AF13C0012A11B /* Tree.swift in Sources */ = {isa = PBXBuildFile; fileRef = 1604578C279AF13C0012A11B /* Tree.swift */; };
		16B5002327988FA400205BA2 /* DoublyLinkedList.swift in Sources */ = {isa = PBXBuildFile; fileRef = 16B5002227988FA400205BA2 /* DoublyLinkedList.swift */; };
		16B6D5AD27AEAE3400EA50A3 /* ArrayProblem.swift in Sources */ = {isa = PBXBuildFile; fileRef = 16B6D5AC27AEAE3400EA50A3 /* ArrayProblem.swift */; };
		16D4FB6B27A9660000371D91 /* VodafoneTest.swift in Sources */ = {isa = PBXBuildFile; fileRef = 16D4FB6A27A9660000371D91 /* VodafoneTest.swift */; };
		16D5A93E275013F7003B2886 /* AppDelegate.swift in Sources */ = {isa = PBXBuildFile; fileRef = 16D5A93D275013F7003B2886 /* AppDelegate.swift */; };
		16D5A940275013F7003B2886 /* SceneDelegate.swift in Sources */ = {isa = PBXBuildFile; fileRef = 16D5A93F275013F7003B2886 /* SceneDelegate.swift */; };
		16D5A942275013F7003B2886 /* ViewController.swift in Sources */ = {isa = PBXBuildFile; fileRef = 16D5A941275013F7003B2886 /* ViewController.swift */; };
		16D5A945275013F7003B2886 /* Main.storyboard in Resources */ = {isa = PBXBuildFile; fileRef = 16D5A943275013F7003B2886 /* Main.storyboard */; };
		16D5A948275013F7003B2886 /* CodingTests.xcdatamodeld in Sources */ = {isa = PBXBuildFile; fileRef = 16D5A946275013F7003B2886 /* CodingTests.xcdatamodeld */; };
		16D5A94A275013F9003B2886 /* Assets.xcassets in Resources */ = {isa = PBXBuildFile; fileRef = 16D5A949275013F9003B2886 /* Assets.xcassets */; };
		16D5A94D275013F9003B2886 /* LaunchScreen.storyboard in Resources */ = {isa = PBXBuildFile; fileRef = 16D5A94B275013F9003B2886 /* LaunchScreen.storyboard */; };
		16D5A958275013F9003B2886 /* CodingTestsTests.swift in Sources */ = {isa = PBXBuildFile; fileRef = 16D5A957275013F9003B2886 /* CodingTestsTests.swift */; };
		16D5A963275013F9003B2886 /* CodingTestsUITests.swift in Sources */ = {isa = PBXBuildFile; fileRef = 16D5A962275013F9003B2886 /* CodingTestsUITests.swift */; };
		16D5A974275014BE003B2886 /* BinarySearch.swift in Sources */ = {isa = PBXBuildFile; fileRef = 16D5A973275014BE003B2886 /* BinarySearch.swift */; };
		16E1B846275E2B15005F032D /* LinkedList.swift in Sources */ = {isa = PBXBuildFile; fileRef = 16E1B845275E2B15005F032D /* LinkedList.swift */; };
		16EA026D27A2BF5200461C79 /* StringProblem.swift in Sources */ = {isa = PBXBuildFile; fileRef = 16EA026C27A2BF5200461C79 /* StringProblem.swift */; };
		16EA026F27A2CB9900461C79 /* DecodableModel.swift in Sources */ = {isa = PBXBuildFile; fileRef = 16EA026E27A2CB9900461C79 /* DecodableModel.swift */; };
/* End PBXBuildFile section */

/* Begin PBXContainerItemProxy section */
		16D5A954275013F9003B2886 /* PBXContainerItemProxy */ = {
			isa = PBXContainerItemProxy;
			containerPortal = 16D5A932275013F7003B2886 /* Project object */;
			proxyType = 1;
			remoteGlobalIDString = 16D5A939275013F7003B2886;
			remoteInfo = CodingTests;
		};
		16D5A95F275013F9003B2886 /* PBXContainerItemProxy */ = {
			isa = PBXContainerItemProxy;
			containerPortal = 16D5A932275013F7003B2886 /* Project object */;
			proxyType = 1;
			remoteGlobalIDString = 16D5A939275013F7003B2886;
			remoteInfo = CodingTests;
		};
/* End PBXContainerItemProxy section */

/* Begin PBXFileReference section */
		1604578C279AF13C0012A11B /* Tree.swift */ = {isa = PBXFileReference; lastKnownFileType = sourcecode.swift; path = Tree.swift; sourceTree = "<group>"; };
		16B5002227988FA400205BA2 /* DoublyLinkedList.swift */ = {isa = PBXFileReference; lastKnownFileType = sourcecode.swift; path = DoublyLinkedList.swift; sourceTree = "<group>"; };
		16B6D5AC27AEAE3400EA50A3 /* ArrayProblem.swift */ = {isa = PBXFileReference; lastKnownFileType = sourcecode.swift; path = ArrayProblem.swift; sourceTree = "<group>"; };
		16D4FB6A27A9660000371D91 /* VodafoneTest.swift */ = {isa = PBXFileReference; lastKnownFileType = sourcecode.swift; path = VodafoneTest.swift; sourceTree = "<group>"; };
		16D5A93A275013F7003B2886 /* CodingTests.app */ = {isa = PBXFileReference; explicitFileType = wrapper.application; includeInIndex = 0; path = CodingTests.app; sourceTree = BUILT_PRODUCTS_DIR; };
		16D5A93D275013F7003B2886 /* AppDelegate.swift */ = {isa = PBXFileReference; lastKnownFileType = sourcecode.swift; path = AppDelegate.swift; sourceTree = "<group>"; };
		16D5A93F275013F7003B2886 /* SceneDelegate.swift */ = {isa = PBXFileReference; lastKnownFileType = sourcecode.swift; path = SceneDelegate.swift; sourceTree = "<group>"; };
		16D5A941275013F7003B2886 /* ViewController.swift */ = {isa = PBXFileReference; lastKnownFileType = sourcecode.swift; path = ViewController.swift; sourceTree = "<group>"; };
		16D5A944275013F7003B2886 /* Base */ = {isa = PBXFileReference; lastKnownFileType = file.storyboard; name = Base; path = Base.lproj/Main.storyboard; sourceTree = "<group>"; };
		16D5A947275013F7003B2886 /* CodingTests.xcdatamodel */ = {isa = PBXFileReference; lastKnownFileType = wrapper.xcdatamodel; path = CodingTests.xcdatamodel; sourceTree = "<group>"; };
		16D5A949275013F9003B2886 /* Assets.xcassets */ = {isa = PBXFileReference; lastKnownFileType = folder.assetcatalog; path = Assets.xcassets; sourceTree = "<group>"; };
		16D5A94C275013F9003B2886 /* Base */ = {isa = PBXFileReference; lastKnownFileType = file.storyboard; name = Base; path = Base.lproj/LaunchScreen.storyboard; sourceTree = "<group>"; };
		16D5A94E275013F9003B2886 /* Info.plist */ = {isa = PBXFileReference; lastKnownFileType = text.plist.xml; path = Info.plist; sourceTree = "<group>"; };
		16D5A953275013F9003B2886 /* CodingTestsTests.xctest */ = {isa = PBXFileReference; explicitFileType = wrapper.cfbundle; includeInIndex = 0; path = CodingTestsTests.xctest; sourceTree = BUILT_PRODUCTS_DIR; };
		16D5A957275013F9003B2886 /* CodingTestsTests.swift */ = {isa = PBXFileReference; lastKnownFileType = sourcecode.swift; path = CodingTestsTests.swift; sourceTree = "<group>"; };
		16D5A959275013F9003B2886 /* Info.plist */ = {isa = PBXFileReference; lastKnownFileType = text.plist.xml; path = Info.plist; sourceTree = "<group>"; };
		16D5A95E275013F9003B2886 /* CodingTestsUITests.xctest */ = {isa = PBXFileReference; explicitFileType = wrapper.cfbundle; includeInIndex = 0; path = CodingTestsUITests.xctest; sourceTree = BUILT_PRODUCTS_DIR; };
		16D5A962275013F9003B2886 /* CodingTestsUITests.swift */ = {isa = PBXFileReference; lastKnownFileType = sourcecode.swift; path = CodingTestsUITests.swift; sourceTree = "<group>"; };
		16D5A964275013F9003B2886 /* Info.plist */ = {isa = PBXFileReference; lastKnownFileType = text.plist.xml; path = Info.plist; sourceTree = "<group>"; };
		16D5A973275014BE003B2886 /* BinarySearch.swift */ = {isa = PBXFileReference; lastKnownFileType = sourcecode.swift; path = BinarySearch.swift; sourceTree = "<group>"; };
		16E1B845275E2B15005F032D /* LinkedList.swift */ = {isa = PBXFileReference; lastKnownFileType = sourcecode.swift; path = LinkedList.swift; sourceTree = "<group>"; };
		16EA026C27A2BF5200461C79 /* StringProblem.swift */ = {isa = PBXFileReference; lastKnownFileType = sourcecode.swift; path = StringProblem.swift; sourceTree = "<group>"; };
		16EA026E27A2CB9900461C79 /* DecodableModel.swift */ = {isa = PBXFileReference; lastKnownFileType = sourcecode.swift; path = DecodableModel.swift; sourceTree = "<group>"; };
/* End PBXFileReference section */

/* Begin PBXFrameworksBuildPhase section */
		16D5A937275013F7003B2886 /* Frameworks */ = {
			isa = PBXFrameworksBuildPhase;
			buildActionMask = 2147483647;
			files = (
			);
			runOnlyForDeploymentPostprocessing = 0;
		};
		16D5A950275013F9003B2886 /* Frameworks */ = {
			isa = PBXFrameworksBuildPhase;
			buildActionMask = 2147483647;
			files = (
			);
			runOnlyForDeploymentPostprocessing = 0;
		};
		16D5A95B275013F9003B2886 /* Frameworks */ = {
			isa = PBXFrameworksBuildPhase;
			buildActionMask = 2147483647;
			files = (
			);
			runOnlyForDeploymentPostprocessing = 0;
		};
/* End PBXFrameworksBuildPhase section */

/* Begin PBXGroup section */
		16D5A931275013F7003B2886 = {
			isa = PBXGroup;
			children = (
				16D5A93C275013F7003B2886 /* CodingTests */,
				16D5A956275013F9003B2886 /* CodingTestsTests */,
				16D5A961275013F9003B2886 /* CodingTestsUITests */,
				16D5A93B275013F7003B2886 /* Products */,
			);
			sourceTree = "<group>";
		};
		16D5A93B275013F7003B2886 /* Products */ = {
			isa = PBXGroup;
			children = (
				16D5A93A275013F7003B2886 /* CodingTests.app */,
				16D5A953275013F9003B2886 /* CodingTestsTests.xctest */,
				16D5A95E275013F9003B2886 /* CodingTestsUITests.xctest */,
			);
			name = Products;
			sourceTree = "<group>";
		};
		16D5A93C275013F7003B2886 /* CodingTests */ = {
			isa = PBXGroup;
			children = (
				16D5A93D275013F7003B2886 /* AppDelegate.swift */,
				16D5A93F275013F7003B2886 /* SceneDelegate.swift */,
				16D5A941275013F7003B2886 /* ViewController.swift */,
				16D5A943275013F7003B2886 /* Main.storyboard */,
				16D5A949275013F9003B2886 /* Assets.xcassets */,
				16D5A94B275013F9003B2886 /* LaunchScreen.storyboard */,
				16D5A94E275013F9003B2886 /* Info.plist */,
				16D5A946275013F7003B2886 /* CodingTests.xcdatamodeld */,
				16D5A973275014BE003B2886 /* BinarySearch.swift */,
				16E1B845275E2B15005F032D /* LinkedList.swift */,
				16B5002227988FA400205BA2 /* DoublyLinkedList.swift */,
				1604578C279AF13C0012A11B /* Tree.swift */,
				16EA026C27A2BF5200461C79 /* StringProblem.swift */,
				16EA026E27A2CB9900461C79 /* DecodableModel.swift */,
				16D4FB6A27A9660000371D91 /* VodafoneTest.swift */,
				16B6D5AC27AEAE3400EA50A3 /* ArrayProblem.swift */,
			);
			path = CodingTests;
			sourceTree = "<group>";
		};
		16D5A956275013F9003B2886 /* CodingTestsTests */ = {
			isa = PBXGroup;
			children = (
				16D5A957275013F9003B2886 /* CodingTestsTests.swift */,
				16D5A959275013F9003B2886 /* Info.plist */,
			);
			path = CodingTestsTests;
			sourceTree = "<group>";
		};
		16D5A961275013F9003B2886 /* CodingTestsUITests */ = {
			isa = PBXGroup;
			children = (
				16D5A962275013F9003B2886 /* CodingTestsUITests.swift */,
				16D5A964275013F9003B2886 /* Info.plist */,
			);
			path = CodingTestsUITests;
			sourceTree = "<group>";
		};
/* End PBXGroup section */

/* Begin PBXNativeTarget section */
		16D5A939275013F7003B2886 /* CodingTests */ = {
			isa = PBXNativeTarget;
			buildConfigurationList = 16D5A967275013F9003B2886 /* Build configuration list for PBXNativeTarget "CodingTests" */;
			buildPhases = (
				16D5A936275013F7003B2886 /* Sources */,
				16D5A937275013F7003B2886 /* Frameworks */,
				16D5A938275013F7003B2886 /* Resources */,
			);
			buildRules = (
			);
			dependencies = (
			);
			name = CodingTests;
			productName = CodingTests;
			productReference = 16D5A93A275013F7003B2886 /* CodingTests.app */;
			productType = "com.apple.product-type.application";
		};
		16D5A952275013F9003B2886 /* CodingTestsTests */ = {
			isa = PBXNativeTarget;
			buildConfigurationList = 16D5A96A275013F9003B2886 /* Build configuration list for PBXNativeTarget "CodingTestsTests" */;
			buildPhases = (
				16D5A94F275013F9003B2886 /* Sources */,
				16D5A950275013F9003B2886 /* Frameworks */,
				16D5A951275013F9003B2886 /* Resources */,
			);
			buildRules = (
			);
			dependencies = (
				16D5A955275013F9003B2886 /* PBXTargetDependency */,
			);
			name = CodingTestsTests;
			productName = CodingTestsTests;
			productReference = 16D5A953275013F9003B2886 /* CodingTestsTests.xctest */;
			productType = "com.apple.product-type.bundle.unit-test";
		};
		16D5A95D275013F9003B2886 /* CodingTestsUITests */ = {
			isa = PBXNativeTarget;
			buildConfigurationList = 16D5A96D275013F9003B2886 /* Build configuration list for PBXNativeTarget "CodingTestsUITests" */;
			buildPhases = (
				16D5A95A275013F9003B2886 /* Sources */,
				16D5A95B275013F9003B2886 /* Frameworks */,
				16D5A95C275013F9003B2886 /* Resources */,
			);
			buildRules = (
			);
			dependencies = (
				16D5A960275013F9003B2886 /* PBXTargetDependency */,
			);
			name = CodingTestsUITests;
			productName = CodingTestsUITests;
			productReference = 16D5A95E275013F9003B2886 /* CodingTestsUITests.xctest */;
			productType = "com.apple.product-type.bundle.ui-testing";
		};
/* End PBXNativeTarget section */

/* Begin PBXProject section */
		16D5A932275013F7003B2886 /* Project object */ = {
			isa = PBXProject;
			attributes = {
				LastSwiftUpdateCheck = 1240;
				LastUpgradeCheck = 1240;
				TargetAttributes = {
					16D5A939275013F7003B2886 = {
						CreatedOnToolsVersion = 12.4;
					};
					16D5A952275013F9003B2886 = {
						CreatedOnToolsVersion = 12.4;
						TestTargetID = 16D5A939275013F7003B2886;
					};
					16D5A95D275013F9003B2886 = {
						CreatedOnToolsVersion = 12.4;
						TestTargetID = 16D5A939275013F7003B2886;
					};
				};
			};
			buildConfigurationList = 16D5A935275013F7003B2886 /* Build configuration list for PBXProject "CodingTests" */;
			compatibilityVersion = "Xcode 9.3";
			developmentRegion = en;
			hasScannedForEncodings = 0;
			knownRegions = (
				en,
				Base,
			);
			mainGroup = 16D5A931275013F7003B2886;
			productRefGroup = 16D5A93B275013F7003B2886 /* Products */;
			projectDirPath = "";
			projectRoot = "";
			targets = (
				16D5A939275013F7003B2886 /* CodingTests */,
				16D5A952275013F9003B2886 /* CodingTestsTests */,
				16D5A95D275013F9003B2886 /* CodingTestsUITests */,
			);
		};
/* End PBXProject section */

/* Begin PBXResourcesBuildPhase section */
		16D5A938275013F7003B2886 /* Resources */ = {
			isa = PBXResourcesBuildPhase;
			buildActionMask = 2147483647;
			files = (
				16D5A94D275013F9003B2886 /* LaunchScreen.storyboard in Resources */,
				16D5A94A275013F9003B2886 /* Assets.xcassets in Resources */,
				16D5A945275013F7003B2886 /* Main.storyboard in Resources */,
			);
			runOnlyForDeploymentPostprocessing = 0;
		};
		16D5A951275013F9003B2886 /* Resources */ = {
			isa = PBXResourcesBuildPhase;
			buildActionMask = 2147483647;
			files = (
			);
			runOnlyForDeploymentPostprocessing = 0;
		};
		16D5A95C275013F9003B2886 /* Resources */ = {
			isa = PBXResourcesBuildPhase;
			buildActionMask = 2147483647;
			files = (
			);
			runOnlyForDeploymentPostprocessing = 0;
		};
/* End PBXResourcesBuildPhase section */

/* Begin PBXSourcesBuildPhase section */
		16D5A936275013F7003B2886 /* Sources */ = {
			isa = PBXSourcesBuildPhase;
			buildActionMask = 2147483647;
			files = (
				16E1B846275E2B15005F032D /* LinkedList.swift in Sources */,
				16D5A942275013F7003B2886 /* ViewController.swift in Sources */,
				16EA026D27A2BF5200461C79 /* StringProblem.swift in Sources */,
				16B5002327988FA400205BA2 /* DoublyLinkedList.swift in Sources */,
				16D5A93E275013F7003B2886 /* AppDelegate.swift in Sources */,
				16B6D5AD27AEAE3400EA50A3 /* ArrayProblem.swift in Sources */,
				16EA026F27A2CB9900461C79 /* DecodableModel.swift in Sources */,
				16D5A940275013F7003B2886 /* SceneDelegate.swift in Sources */,
				1604578D279AF13C0012A11B /* Tree.swift in Sources */,
				16D5A948275013F7003B2886 /* CodingTests.xcdatamodeld in Sources */,
				16D5A974275014BE003B2886 /* BinarySearch.swift in Sources */,
				16D4FB6B27A9660000371D91 /* VodafoneTest.swift in Sources */,
			);
			runOnlyForDeploymentPostprocessing = 0;
		};
		16D5A94F275013F9003B2886 /* Sources */ = {
			isa = PBXSourcesBuildPhase;
			buildActionMask = 2147483647;
			files = (
				16D5A958275013F9003B2886 /* CodingTestsTests.swift in Sources */,
			);
			runOnlyForDeploymentPostprocessing = 0;
		};
		16D5A95A275013F9003B2886 /* Sources */ = {
			isa = PBXSourcesBuildPhase;
			buildActionMask = 2147483647;
			files = (
				16D5A963275013F9003B2886 /* CodingTestsUITests.swift in Sources */,
			);
			runOnlyForDeploymentPostprocessing = 0;
		};
/* End PBXSourcesBuildPhase section */

/* Begin PBXTargetDependency section */
		16D5A955275013F9003B2886 /* PBXTargetDependency */ = {
			isa = PBXTargetDependency;
			target = 16D5A939275013F7003B2886 /* CodingTests */;
			targetProxy = 16D5A954275013F9003B2886 /* PBXContainerItemProxy */;
		};
		16D5A960275013F9003B2886 /* PBXTargetDependency */ = {
			isa = PBXTargetDependency;
			target = 16D5A939275013F7003B2886 /* CodingTests */;
			targetProxy = 16D5A95F275013F9003B2886 /* PBXContainerItemProxy */;
		};
/* End PBXTargetDependency section */

/* Begin PBXVariantGroup section */
		16D5A943275013F7003B2886 /* Main.storyboard */ = {
			isa = PBXVariantGroup;
			children = (
				16D5A944275013F7003B2886 /* Base */,
			);
			name = Main.storyboard;
			sourceTree = "<group>";
		};
		16D5A94B275013F9003B2886 /* LaunchScreen.storyboard */ = {
			isa = PBXVariantGroup;
			children = (
				16D5A94C275013F9003B2886 /* Base */,
			);
			name = LaunchScreen.storyboard;
			sourceTree = "<group>";
		};
/* End PBXVariantGroup section */

/* Begin XCBuildConfiguration section */
		16D5A965275013F9003B2886 /* Debug */ = {
			isa = XCBuildConfiguration;
			buildSettings = {
				ALWAYS_SEARCH_USER_PATHS = NO;
				CLANG_ANALYZER_NONNULL = YES;
				CLANG_ANALYZER_NUMBER_OBJECT_CONVERSION = YES_AGGRESSIVE;
				CLANG_CXX_LANGUAGE_STANDARD = "gnu++14";
				CLANG_CXX_LIBRARY = "libc++";
				CLANG_ENABLE_MODULES = YES;
				CLANG_ENABLE_OBJC_ARC = YES;
				CLANG_ENABLE_OBJC_WEAK = YES;
				CLANG_WARN_BLOCK_CAPTURE_AUTORELEASING = YES;
				CLANG_WARN_BOOL_CONVERSION = YES;
				CLANG_WARN_COMMA = YES;
				CLANG_WARN_CONSTANT_CONVERSION = YES;
				CLANG_WARN_DEPRECATED_OBJC_IMPLEMENTATIONS = YES;
				CLANG_WARN_DIRECT_OBJC_ISA_USAGE = YES_ERROR;
				CLANG_WARN_DOCUMENTATION_COMMENTS = YES;
				CLANG_WARN_EMPTY_BODY = YES;
				CLANG_WARN_ENUM_CONVERSION = YES;
				CLANG_WARN_INFINITE_RECURSION = YES;
				CLANG_WARN_INT_CONVERSION = YES;
				CLANG_WARN_NON_LITERAL_NULL_CONVERSION = YES;
				CLANG_WARN_OBJC_IMPLICIT_RETAIN_SELF = YES;
				CLANG_WARN_OBJC_LITERAL_CONVERSION = YES;
				CLANG_WARN_OBJC_ROOT_CLASS = YES_ERROR;
				CLANG_WARN_QUOTED_INCLUDE_IN_FRAMEWORK_HEADER = YES;
				CLANG_WARN_RANGE_LOOP_ANALYSIS = YES;
				CLANG_WARN_STRICT_PROTOTYPES = YES;
				CLANG_WARN_SUSPICIOUS_MOVE = YES;
				CLANG_WARN_UNGUARDED_AVAILABILITY = YES_AGGRESSIVE;
				CLANG_WARN_UNREACHABLE_CODE = YES;
				CLANG_WARN__DUPLICATE_METHOD_MATCH = YES;
				COPY_PHASE_STRIP = NO;
				DEBUG_INFORMATION_FORMAT = dwarf;
				ENABLE_STRICT_OBJC_MSGSEND = YES;
				ENABLE_TESTABILITY = YES;
				GCC_C_LANGUAGE_STANDARD = gnu11;
				GCC_DYNAMIC_NO_PIC = NO;
				GCC_NO_COMMON_BLOCKS = YES;
				GCC_OPTIMIZATION_LEVEL = 0;
				GCC_PREPROCESSOR_DEFINITIONS = (
					"DEBUG=1",
					"$(inherited)",
				);
				GCC_WARN_64_TO_32_BIT_CONVERSION = YES;
				GCC_WARN_ABOUT_RETURN_TYPE = YES_ERROR;
				GCC_WARN_UNDECLARED_SELECTOR = YES;
				GCC_WARN_UNINITIALIZED_AUTOS = YES_AGGRESSIVE;
				GCC_WARN_UNUSED_FUNCTION = YES;
				GCC_WARN_UNUSED_VARIABLE = YES;
				IPHONEOS_DEPLOYMENT_TARGET = 14.4;
				MTL_ENABLE_DEBUG_INFO = INCLUDE_SOURCE;
				MTL_FAST_MATH = YES;
				ONLY_ACTIVE_ARCH = YES;
				SDKROOT = iphoneos;
				SWIFT_ACTIVE_COMPILATION_CONDITIONS = DEBUG;
				SWIFT_OPTIMIZATION_LEVEL = "-Onone";
			};
			name = Debug;
		};
		16D5A966275013F9003B2886 /* Release */ = {
			isa = XCBuildConfiguration;
			buildSettings = {
				ALWAYS_SEARCH_USER_PATHS = NO;
				CLANG_ANALYZER_NONNULL = YES;
				CLANG_ANALYZER_NUMBER_OBJECT_CONVERSION = YES_AGGRESSIVE;
				CLANG_CXX_LANGUAGE_STANDARD = "gnu++14";
				CLANG_CXX_LIBRARY = "libc++";
				CLANG_ENABLE_MODULES = YES;
				CLANG_ENABLE_OBJC_ARC = YES;
				CLANG_ENABLE_OBJC_WEAK = YES;
				CLANG_WARN_BLOCK_CAPTURE_AUTORELEASING = YES;
				CLANG_WARN_BOOL_CONVERSION = YES;
				CLANG_WARN_COMMA = YES;
				CLANG_WARN_CONSTANT_CONVERSION = YES;
				CLANG_WARN_DEPRECATED_OBJC_IMPLEMENTATIONS = YES;
				CLANG_WARN_DIRECT_OBJC_ISA_USAGE = YES_ERROR;
				CLANG_WARN_DOCUMENTATION_COMMENTS = YES;
				CLANG_WARN_EMPTY_BODY = YES;
				CLANG_WARN_ENUM_CONVERSION = YES;
				CLANG_WARN_INFINITE_RECURSION = YES;
				CLANG_WARN_INT_CONVERSION = YES;
				CLANG_WARN_NON_LITERAL_NULL_CONVERSION = YES;
				CLANG_WARN_OBJC_IMPLICIT_RETAIN_SELF = YES;
				CLANG_WARN_OBJC_LITERAL_CONVERSION = YES;
				CLANG_WARN_OBJC_ROOT_CLASS = YES_ERROR;
				CLANG_WARN_QUOTED_INCLUDE_IN_FRAMEWORK_HEADER = YES;
				CLANG_WARN_RANGE_LOOP_ANALYSIS = YES;
				CLANG_WARN_STRICT_PROTOTYPES = YES;
				CLANG_WARN_SUSPICIOUS_MOVE = YES;
				CLANG_WARN_UNGUARDED_AVAILABILITY = YES_AGGRESSIVE;
				CLANG_WARN_UNREACHABLE_CODE = YES;
				CLANG_WARN__DUPLICATE_METHOD_MATCH = YES;
				COPY_PHASE_STRIP = NO;
				DEBUG_INFORMATION_FORMAT = "dwarf-with-dsym";
				ENABLE_NS_ASSERTIONS = NO;
				ENABLE_STRICT_OBJC_MSGSEND = YES;
				GCC_C_LANGUAGE_STANDARD = gnu11;
				GCC_NO_COMMON_BLOCKS = YES;
				GCC_WARN_64_TO_32_BIT_CONVERSION = YES;
				GCC_WARN_ABOUT_RETURN_TYPE = YES_ERROR;
				GCC_WARN_UNDECLARED_SELECTOR = YES;
				GCC_WARN_UNINITIALIZED_AUTOS = YES_AGGRESSIVE;
				GCC_WARN_UNUSED_FUNCTION = YES;
				GCC_WARN_UNUSED_VARIABLE = YES;
				IPHONEOS_DEPLOYMENT_TARGET = 14.4;
				MTL_ENABLE_DEBUG_INFO = NO;
				MTL_FAST_MATH = YES;
				SDKROOT = iphoneos;
				SWIFT_COMPILATION_MODE = wholemodule;
				SWIFT_OPTIMIZATION_LEVEL = "-O";
				VALIDATE_PRODUCT = YES;
			};
			name = Release;
		};
		16D5A968275013F9003B2886 /* Debug */ = {
			isa = XCBuildConfiguration;
			buildSettings = {
				ASSETCATALOG_COMPILER_APPICON_NAME = AppIcon;
				ASSETCATALOG_COMPILER_GLOBAL_ACCENT_COLOR_NAME = AccentColor;
				CODE_SIGN_STYLE = Automatic;
				INFOPLIST_FILE = CodingTests/Info.plist;
				LD_RUNPATH_SEARCH_PATHS = (
					"$(inherited)",
					"@executable_path/Frameworks",
				);
				PRODUCT_BUNDLE_IDENTIFIER = com.gizmogul.CodingTests;
				PRODUCT_NAME = "$(TARGET_NAME)";
				SWIFT_VERSION = 5.0;
				TARGETED_DEVICE_FAMILY = "1,2";
			};
			name = Debug;
		};
		16D5A969275013F9003B2886 /* Release */ = {
			isa = XCBuildConfiguration;
			buildSettings = {
				ASSETCATALOG_COMPILER_APPICON_NAME = AppIcon;
				ASSETCATALOG_COMPILER_GLOBAL_ACCENT_COLOR_NAME = AccentColor;
				CODE_SIGN_STYLE = Automatic;
				INFOPLIST_FILE = CodingTests/Info.plist;
				LD_RUNPATH_SEARCH_PATHS = (
					"$(inherited)",
					"@executable_path/Frameworks",
				);
				PRODUCT_BUNDLE_IDENTIFIER = com.gizmogul.CodingTests;
				PRODUCT_NAME = "$(TARGET_NAME)";
				SWIFT_VERSION = 5.0;
				TARGETED_DEVICE_FAMILY = "1,2";
			};
			name = Release;
		};
		16D5A96B275013F9003B2886 /* Debug */ = {
			isa = XCBuildConfiguration;
			buildSettings = {
				ALWAYS_EMBED_SWIFT_STANDARD_LIBRARIES = YES;
				BUNDLE_LOADER = "$(TEST_HOST)";
				CODE_SIGN_STYLE = Automatic;
				INFOPLIST_FILE = CodingTestsTests/Info.plist;
				IPHONEOS_DEPLOYMENT_TARGET = 14.4;
				LD_RUNPATH_SEARCH_PATHS = (
					"$(inherited)",
					"@executable_path/Frameworks",
					"@loader_path/Frameworks",
				);
				PRODUCT_BUNDLE_IDENTIFIER = com.gizmogul.CodingTestsTests;
				PRODUCT_NAME = "$(TARGET_NAME)";
				SWIFT_VERSION = 5.0;
				TARGETED_DEVICE_FAMILY = "1,2";
				TEST_HOST = "$(BUILT_PRODUCTS_DIR)/CodingTests.app/CodingTests";
			};
			name = Debug;
		};
		16D5A96C275013F9003B2886 /* Release */ = {
			isa = XCBuildConfiguration;
			buildSettings = {
				ALWAYS_EMBED_SWIFT_STANDARD_LIBRARIES = YES;
				BUNDLE_LOADER = "$(TEST_HOST)";
				CODE_SIGN_STYLE = Automatic;
				INFOPLIST_FILE = CodingTestsTests/Info.plist;
				IPHONEOS_DEPLOYMENT_TARGET = 14.4;
				LD_RUNPATH_SEARCH_PATHS = (
					"$(inherited)",
					"@executable_path/Frameworks",
					"@loader_path/Frameworks",
				);
				PRODUCT_BUNDLE_IDENTIFIER = com.gizmogul.CodingTestsTests;
				PRODUCT_NAME = "$(TARGET_NAME)";
				SWIFT_VERSION = 5.0;
				TARGETED_DEVICE_FAMILY = "1,2";
				TEST_HOST = "$(BUILT_PRODUCTS_DIR)/CodingTests.app/CodingTests";
			};
			name = Release;
		};
		16D5A96E275013F9003B2886 /* Debug */ = {
			isa = XCBuildConfiguration;
			buildSettings = {
				ALWAYS_EMBED_SWIFT_STANDARD_LIBRARIES = YES;
				CODE_SIGN_STYLE = Automatic;
				INFOPLIST_FILE = CodingTestsUITests/Info.plist;
				LD_RUNPATH_SEARCH_PATHS = (
					"$(inherited)",
					"@executable_path/Frameworks",
					"@loader_path/Frameworks",
				);
				PRODUCT_BUNDLE_IDENTIFIER = com.gizmogul.CodingTestsUITests;
				PRODUCT_NAME = "$(TARGET_NAME)";
				SWIFT_VERSION = 5.0;
				TARGETED_DEVICE_FAMILY = "1,2";
				TEST_TARGET_NAME = CodingTests;
			};
			name = Debug;
		};
		16D5A96F275013F9003B2886 /* Release */ = {
			isa = XCBuildConfiguration;
			buildSettings = {
				ALWAYS_EMBED_SWIFT_STANDARD_LIBRARIES = YES;
				CODE_SIGN_STYLE = Automatic;
				INFOPLIST_FILE = CodingTestsUITests/Info.plist;
				LD_RUNPATH_SEARCH_PATHS = (
					"$(inherited)",
					"@executable_path/Frameworks",
					"@loader_path/Frameworks",
				);
				PRODUCT_BUNDLE_IDENTIFIER = com.gizmogul.CodingTestsUITests;
				PRODUCT_NAME = "$(TARGET_NAME)";
				SWIFT_VERSION = 5.0;
				TARGETED_DEVICE_FAMILY = "1,2";
				TEST_TARGET_NAME = CodingTests;
			};
			name = Release;
		};
/* End XCBuildConfiguration section */

/* Begin XCConfigurationList section */
		16D5A935275013F7003B2886 /* Build configuration list for PBXProject "CodingTests" */ = {
			isa = XCConfigurationList;
			buildConfigurations = (
				16D5A965275013F9003B2886 /* Debug */,
				16D5A966275013F9003B2886 /* Release */,
			);
			defaultConfigurationIsVisible = 0;
			defaultConfigurationName = Release;
		};
		16D5A967275013F9003B2886 /* Build configuration list for PBXNativeTarget "CodingTests" */ = {
			isa = XCConfigurationList;
			buildConfigurations = (
				16D5A968275013F9003B2886 /* Debug */,
				16D5A969275013F9003B2886 /* Release */,
			);
			defaultConfigurationIsVisible = 0;
			defaultConfigurationName = Release;
		};
		16D5A96A275013F9003B2886 /* Build configuration list for PBXNativeTarget "CodingTestsTests" */ = {
			isa = XCConfigurationList;
			buildConfigurations = (
				16D5A96B275013F9003B2886 /* Debug */,
				16D5A96C275013F9003B2886 /* Release */,
			);
			defaultConfigurationIsVisible = 0;
			defaultConfigurationName = Release;
		};
		16D5A96D275013F9003B2886 /* Build configuration list for PBXNativeTarget "CodingTestsUITests" */ = {
			isa = XCConfigurationList;
			buildConfigurations = (
				16D5A96E275013F9003B2886 /* Debug */,
				16D5A96F275013F9003B2886 /* Release */,
			);
			defaultConfigurationIsVisible = 0;
			defaultConfigurationName = Release;
		};
/* End XCConfigurationList section */

/* Begin XCVersionGroup section */
		16D5A946275013F7003B2886 /* CodingTests.xcdatamodeld */ = {
			isa = XCVersionGroup;
			children = (
				16D5A947275013F7003B2886 /* CodingTests.xcdatamodel */,
			);
			currentVersion = 16D5A947275013F7003B2886 /* CodingTests.xcdatamodel */;
			path = CodingTests.xcdatamodeld;
			sourceTree = "<group>";
			versionGroupType = wrapper.xcdatamodel;
		};
/* End XCVersionGroup section */
	};
	rootObject = 16D5A932275013F7003B2886 /* Project object */;
}
